
Microsoft Visual Studio Solution File, Format Version 12.00
# Visual Studio Version 17
VisualStudioVersion = 17.12.35514.174 d17.12
MinimumVisualStudioVersion = 10.0.40219.1
Project("{FAE04EC0-301F-11D3-BF4B-00C04F79EFBC}") = "TechXpress.Web", "TechXpress.Web\TechXpress.Web.csproj", "{FCE00A1D-88C7-45AC-8FAE-21D027924459}"
EndProject
Project("{FAE04EC0-301F-11D3-BF4B-00C04F79EFBC}") = "TechXpress.Services", "TechXpress.Services\TechXpress.Services.csproj", "{8812D464-7599-4496-B15E-19DCADBC136F}"
EndProject
Project("{FAE04EC0-301F-11D3-BF4B-00C04F79EFBC}") = "TechXpress.Data", "TechXpress.Data\TechXpress.Data.csproj", "{C2025FB3-2CF9-4DB8-9945-99BB06E5CC72}"
EndProject
Global
	GlobalSection(SolutionConfigurationPlatforms) = preSolution
		Debug|Any CPU = Debug|Any CPU
		Release|Any CPU = Release|Any CPU
	EndGlobalSection
	GlobalSection(ProjectConfigurationPlatforms) = postSolution
		{FCE00A1D-88C7-45AC-8FAE-21D027924459}.Debug|Any CPU.ActiveCfg = Debug|Any CPU
		{FCE00A1D-88C7-45AC-8FAE-21D027924459}.Debug|Any CPU.Build.0 = Debug|Any CPU
		{FCE00A1D-88C7-45AC-8FAE-21D027924459}.Release|Any CPU.ActiveCfg = Release|Any CPU
		{FCE00A1D-88C7-45AC-8FAE-21D027924459}.Release|Any CPU.Build.0 = Release|Any CPU
		{8812D464-7599-4496-B15E-19DCADBC136F}.Debug|Any CPU.ActiveCfg = Debug|Any CPU
		{8812D464-7599-4496-B15E-19DCADBC136F}.Debug|Any CPU.Build.0 = Debug|Any CPU
		{8812D464-7599-4496-B15E-19DCADBC136F}.Release|Any CPU.ActiveCfg = Release|Any CPU
		{8812D464-7599-4496-B15E-19DCADBC136F}.Release|Any CPU.Build.0 = Release|Any CPU
		{C2025FB3-2CF9-4DB8-9945-99BB06E5CC72}.Debug|Any CPU.ActiveCfg = Debug|Any CPU
		{C2025FB3-2CF9-4DB8-9945-99BB06E5CC72}.Debug|Any CPU.Build.0 = Debug|Any CPU
		{C2025FB3-2CF9-4DB8-9945-99BB06E5CC72}.Release|Any CPU.ActiveCfg = Release|Any CPU
		{C2025FB3-2CF9-4DB8-9945-99BB06E5CC72}.Release|Any CPU.Build.0 = Release|Any CPU
	EndGlobalSection
	GlobalSection(SolutionProperties) = preSolution
		HideSolutionNode = FALSE
	EndGlobalSection
EndGlobal
